
Microsoft Visual Studio Solution File, Format Version 12.00
# Visual Studio Version 16
VisualStudioVersion = 16.0.29424.173
MinimumVisualStudioVersion = 10.0.40219.1
Project("{FAE04EC0-301F-11D3-BF4B-00C04F79EFBC}") = "BlockchainSimulator", "BlockchainSimulator.csproj", "{14F0AD15-6618-411D-8DB1-898AC1A82766}"
EndProject
Global
	GlobalSection(SolutionConfigurationPlatforms) = preSolution
		Debug|Any CPU = Debug|Any CPU
		Release|Any CPU = Release|Any CPU
	EndGlobalSection
	GlobalSection(ProjectConfigurationPlatforms) = postSolution
		{14F0AD15-6618-411D-8DB1-898AC1A82766}.Debug|Any CPU.ActiveCfg = Debug|Any CPU
		{14F0AD15-6618-411D-8DB1-898AC1A82766}.Debug|Any CPU.Build.0 = Debug|Any CPU
		{14F0AD15-6618-411D-8DB1-898AC1A82766}.Release|Any CPU.ActiveCfg = Release|Any CPU
		{14F0AD15-6618-411D-8DB1-898AC1A82766}.Release|Any CPU.Build.0 = Release|Any CPU
	EndGlobalSection
	GlobalSection(SolutionProperties) = preSolution
		HideSolutionNode = FALSE
	EndGlobalSection
	GlobalSection(ExtensibilityGlobals) = postSolution
		SolutionGuid = {496E3502-9445-4996-B35B-1560786851D5}
	EndGlobalSection
EndGlobal
